
Microsoft Visual Studio Solution File, Format Version 12.00
# Visual Studio Version 17
VisualStudioVersion = 17.9.34607.119
MinimumVisualStudioVersion = 10.0.40219.1
Project("{8BC9CEB8-8B4A-11D0-8D11-00A0C91BC942}") = "project_20_constructor_destructor", "project_20_constructor_destructor.vcxproj", "{8200F6B4-C333-431B-8FB4-DB8B3E06DD59}"
EndProject
Global
	GlobalSection(SolutionConfigurationPlatforms) = preSolution
		Debug|x64 = Debug|x64
		Debug|x86 = Debug|x86
		Release|x64 = Release|x64
		Release|x86 = Release|x86
	EndGlobalSection
	GlobalSection(ProjectConfigurationPlatforms) = postSolution
		{8200F6B4-C333-431B-8FB4-DB8B3E06DD59}.Debug|x64.ActiveCfg = Debug|x64
		{8200F6B4-C333-431B-8FB4-DB8B3E06DD59}.Debug|x64.Build.0 = Debug|x64
		{8200F6B4-C333-431B-8FB4-DB8B3E06DD59}.Debug|x86.ActiveCfg = Debug|Win32
		{8200F6B4-C333-431B-8FB4-DB8B3E06DD59}.Debug|x86.Build.0 = Debug|Win32
		{8200F6B4-C333-431B-8FB4-DB8B3E06DD59}.Release|x64.ActiveCfg = Release|x64
		{8200F6B4-C333-431B-8FB4-DB8B3E06DD59}.Release|x64.Build.0 = Release|x64
		{8200F6B4-C333-431B-8FB4-DB8B3E06DD59}.Release|x86.ActiveCfg = Release|Win32
		{8200F6B4-C333-431B-8FB4-DB8B3E06DD59}.Release|x86.Build.0 = Release|Win32
	EndGlobalSection
	GlobalSection(SolutionProperties) = preSolution
		HideSolutionNode = FALSE
	EndGlobalSection
	GlobalSection(ExtensibilityGlobals) = postSolution
		SolutionGuid = {B127BBD0-472A-4978-9797-0963F2017639}
	EndGlobalSection
EndGlobal
